
Microsoft Visual Studio Solution File, Format Version 12.00
# Visual Studio Version 17
VisualStudioVersion = 17.11.35222.181
MinimumVisualStudioVersion = 10.0.40219.1
Project("{FAE04EC0-301F-11D3-BF4B-00C04F79EFBC}") = "Mc Petya", "Mc Petya\Mc Petya.csproj", "{4E8E2404-3AD6-44E5-B0CD-3C5300FD16AF}"
EndProject
Global
	GlobalSection(SolutionConfigurationPlatforms) = preSolution
		Debug|Any CPU = Debug|Any CPU
		Release|Any CPU = Release|Any CPU
	EndGlobalSection
	GlobalSection(ProjectConfigurationPlatforms) = postSolution
		{4E8E2404-3AD6-44E5-B0CD-3C5300FD16AF}.Debug|Any CPU.ActiveCfg = Debug|Any CPU
		{4E8E2404-3AD6-44E5-B0CD-3C5300FD16AF}.Debug|Any CPU.Build.0 = Debug|Any CPU
		{4E8E2404-3AD6-44E5-B0CD-3C5300FD16AF}.Release|Any CPU.ActiveCfg = Release|Any CPU
		{4E8E2404-3AD6-44E5-B0CD-3C5300FD16AF}.Release|Any CPU.Build.0 = Release|Any CPU
	EndGlobalSection
	GlobalSection(SolutionProperties) = preSolution
		HideSolutionNode = FALSE
	EndGlobalSection
	GlobalSection(ExtensibilityGlobals) = postSolution
		SolutionGuid = {BF16F58B-8787-4A6D-9E14-AA757342343F}
	EndGlobalSection
EndGlobal
